
Microsoft Visual Studio Solution File, Format Version 12.00
# Visual Studio Version 16
VisualStudioVersion = 16.0.30907.101
MinimumVisualStudioVersion = 10.0.40219.1
Project("{9A19103F-16F7-4668-BE54-9A1E7A4F7556}") = "KampBeginning", "KampBeginning\KampBeginning.csproj", "{EA685C96-E40A-4049-B0E4-D9502518AC10}"
EndProject
Project("{9A19103F-16F7-4668-BE54-9A1E7A4F7556}") = "Loops", "Loops\Loops.csproj", "{E141E692-AFE9-4B04-AB0E-3A9071C9455D}"
EndProject
Project("{9A19103F-16F7-4668-BE54-9A1E7A4F7556}") = "ClassIntro", "ClassIntro\ClassIntro.csproj", "{6BF1A36E-78E6-4DC0-8898-05AE374AB1AB}"
EndProject
Project("{9A19103F-16F7-4668-BE54-9A1E7A4F7556}") = "KampOdev1", "KampOdev1\KampOdev1.csproj", "{C946674F-29C4-42CB-B98B-738081A09320}"
EndProject
Project("{9A19103F-16F7-4668-BE54-9A1E7A4F7556}") = "Methods", "Methods\Methods.csproj", "{BC9BAE19-3C1F-4288-BB61-D98A74577BF6}"
EndProject
Project("{9A19103F-16F7-4668-BE54-9A1E7A4F7556}") = "Math", "Math\Math.csproj", "{F2190555-A00D-49EA-8664-E3BD7629E48A}"
EndProject
Project("{9A19103F-16F7-4668-BE54-9A1E7A4F7556}") = "DegerVeReferansTipler", "DegerVeReferansTipler\DegerVeReferansTipler.csproj", "{689A522F-402F-4645-8A76-98B96635E673}"
EndProject
Project("{9A19103F-16F7-4668-BE54-9A1E7A4F7556}") = "HomeWork", "HomeWork\HomeWork.csproj", "{257CACA6-A3B0-4F0C-9986-C4F9C5383939}"
EndProject
Project("{FAE04EC0-301F-11D3-BF4B-00C04F79EFBC}") = "OOP1", "OOP1\OOP1.csproj", "{3B6C0190-3DD3-49AD-823E-219CB1C541DD}"
EndProject
Project("{FAE04EC0-301F-11D3-BF4B-00C04F79EFBC}") = "Collections", "Collections\Collections.csproj", "{D47023CD-BADC-441C-8CD7-F879C7359FDA}"
EndProject
Project("{FAE04EC0-301F-11D3-BF4B-00C04F79EFBC}") = "GenericsIntro", "GenericsIntro\GenericsIntro.csproj", "{694F48DF-9B78-44F6-920B-0F60B151C97A}"
EndProject
Project("{FAE04EC0-301F-11D3-BF4B-00C04F79EFBC}") = "Constructors", "Constructors\Constructors.csproj", "{64C5D2BA-58E2-478D-A07E-41E6FC574844}"
EndProject
Project("{FAE04EC0-301F-11D3-BF4B-00C04F79EFBC}") = "Generics", "Generics\Generics.csproj", "{3683DA8E-7A0A-4461-A40C-20C2303AC31A}"
EndProject
Global
	GlobalSection(SolutionConfigurationPlatforms) = preSolution
		Debug|Any CPU = Debug|Any CPU
		Release|Any CPU = Release|Any CPU
	EndGlobalSection
	GlobalSection(ProjectConfigurationPlatforms) = postSolution
		{EA685C96-E40A-4049-B0E4-D9502518AC10}.Debug|Any CPU.ActiveCfg = Debug|Any CPU
		{EA685C96-E40A-4049-B0E4-D9502518AC10}.Debug|Any CPU.Build.0 = Debug|Any CPU
		{EA685C96-E40A-4049-B0E4-D9502518AC10}.Release|Any CPU.ActiveCfg = Release|Any CPU
		{EA685C96-E40A-4049-B0E4-D9502518AC10}.Release|Any CPU.Build.0 = Release|Any CPU
		{E141E692-AFE9-4B04-AB0E-3A9071C9455D}.Debug|Any CPU.ActiveCfg = Debug|Any CPU
		{E141E692-AFE9-4B04-AB0E-3A9071C9455D}.Debug|Any CPU.Build.0 = Debug|Any CPU
		{E141E692-AFE9-4B04-AB0E-3A9071C9455D}.Release|Any CPU.ActiveCfg = Release|Any CPU
		{E141E692-AFE9-4B04-AB0E-3A9071C9455D}.Release|Any CPU.Build.0 = Release|Any CPU
		{6BF1A36E-78E6-4DC0-8898-05AE374AB1AB}.Debug|Any CPU.ActiveCfg = Debug|Any CPU
		{6BF1A36E-78E6-4DC0-8898-05AE374AB1AB}.Debug|Any CPU.Build.0 = Debug|Any CPU
		{6BF1A36E-78E6-4DC0-8898-05AE374AB1AB}.Release|Any CPU.ActiveCfg = Release|Any CPU
		{6BF1A36E-78E6-4DC0-8898-05AE374AB1AB}.Release|Any CPU.Build.0 = Release|Any CPU
		{C946674F-29C4-42CB-B98B-738081A09320}.Debug|Any CPU.ActiveCfg = Debug|Any CPU
		{C946674F-29C4-42CB-B98B-738081A09320}.Debug|Any CPU.Build.0 = Debug|Any CPU
		{C946674F-29C4-42CB-B98B-738081A09320}.Release|Any CPU.ActiveCfg = Release|Any CPU
		{C946674F-29C4-42CB-B98B-738081A09320}.Release|Any CPU.Build.0 = Release|Any CPU
		{BC9BAE19-3C1F-4288-BB61-D98A74577BF6}.Debug|Any CPU.ActiveCfg = Debug|Any CPU
		{BC9BAE19-3C1F-4288-BB61-D98A74577BF6}.Debug|Any CPU.Build.0 = Debug|Any CPU
		{BC9BAE19-3C1F-4288-BB61-D98A74577BF6}.Release|Any CPU.ActiveCfg = Release|Any CPU
		{BC9BAE19-3C1F-4288-BB61-D98A74577BF6}.Release|Any CPU.Build.0 = Release|Any CPU
		{F2190555-A00D-49EA-8664-E3BD7629E48A}.Debug|Any CPU.ActiveCfg = Debug|Any CPU
		{F2190555-A00D-49EA-8664-E3BD7629E48A}.Debug|Any CPU.Build.0 = Debug|Any CPU
		{F2190555-A00D-49EA-8664-E3BD7629E48A}.Release|Any CPU.ActiveCfg = Release|Any CPU
		{F2190555-A00D-49EA-8664-E3BD7629E48A}.Release|Any CPU.Build.0 = Release|Any CPU
		{689A522F-402F-4645-8A76-98B96635E673}.Debug|Any CPU.ActiveCfg = Debug|Any CPU
		{689A522F-402F-4645-8A76-98B96635E673}.Debug|Any CPU.Build.0 = Debug|Any CPU
		{689A522F-402F-4645-8A76-98B96635E673}.Release|Any CPU.ActiveCfg = Release|Any CPU
		{689A522F-402F-4645-8A76-98B96635E673}.Release|Any CPU.Build.0 = Release|Any CPU
		{257CACA6-A3B0-4F0C-9986-C4F9C5383939}.Debug|Any CPU.ActiveCfg = Debug|Any CPU
		{257CACA6-A3B0-4F0C-9986-C4F9C5383939}.Debug|Any CPU.Build.0 = Debug|Any CPU
		{257CACA6-A3B0-4F0C-9986-C4F9C5383939}.Release|Any CPU.ActiveCfg = Release|Any CPU
		{257CACA6-A3B0-4F0C-9986-C4F9C5383939}.Release|Any CPU.Build.0 = Release|Any CPU
		{3B6C0190-3DD3-49AD-823E-219CB1C541DD}.Debug|Any CPU.ActiveCfg = Debug|Any CPU
		{3B6C0190-3DD3-49AD-823E-219CB1C541DD}.Debug|Any CPU.Build.0 = Debug|Any CPU
		{3B6C0190-3DD3-49AD-823E-219CB1C541DD}.Release|Any CPU.ActiveCfg = Release|Any CPU
		{3B6C0190-3DD3-49AD-823E-219CB1C541DD}.Release|Any CPU.Build.0 = Release|Any CPU
		{D47023CD-BADC-441C-8CD7-F879C7359FDA}.Debug|Any CPU.ActiveCfg = Debug|Any CPU
		{D47023CD-BADC-441C-8CD7-F879C7359FDA}.Debug|Any CPU.Build.0 = Debug|Any CPU
		{D47023CD-BADC-441C-8CD7-F879C7359FDA}.Release|Any CPU.ActiveCfg = Release|Any CPU
		{D47023CD-BADC-441C-8CD7-F879C7359FDA}.Release|Any CPU.Build.0 = Release|Any CPU
		{694F48DF-9B78-44F6-920B-0F60B151C97A}.Debug|Any CPU.ActiveCfg = Debug|Any CPU
		{694F48DF-9B78-44F6-920B-0F60B151C97A}.Debug|Any CPU.Build.0 = Debug|Any CPU
		{694F48DF-9B78-44F6-920B-0F60B151C97A}.Release|Any CPU.ActiveCfg = Release|Any CPU
		{694F48DF-9B78-44F6-920B-0F60B151C97A}.Release|Any CPU.Build.0 = Release|Any CPU
		{64C5D2BA-58E2-478D-A07E-41E6FC574844}.Debug|Any CPU.ActiveCfg = Debug|Any CPU
		{64C5D2BA-58E2-478D-A07E-41E6FC574844}.Debug|Any CPU.Build.0 = Debug|Any CPU
		{64C5D2BA-58E2-478D-A07E-41E6FC574844}.Release|Any CPU.ActiveCfg = Release|Any CPU
		{64C5D2BA-58E2-478D-A07E-41E6FC574844}.Release|Any CPU.Build.0 = Release|Any CPU
		{3683DA8E-7A0A-4461-A40C-20C2303AC31A}.Debug|Any CPU.ActiveCfg = Debug|Any CPU
		{3683DA8E-7A0A-4461-A40C-20C2303AC31A}.Debug|Any CPU.Build.0 = Debug|Any CPU
		{3683DA8E-7A0A-4461-A40C-20C2303AC31A}.Release|Any CPU.ActiveCfg = Release|Any CPU
		{3683DA8E-7A0A-4461-A40C-20C2303AC31A}.Release|Any CPU.Build.0 = Release|Any CPU
	EndGlobalSection
	GlobalSection(SolutionProperties) = preSolution
		HideSolutionNode = FALSE
	EndGlobalSection
	GlobalSection(ExtensibilityGlobals) = postSolution
		SolutionGuid = {134DD8AD-11DE-45BE-8B62-903ADE234312}
	EndGlobalSection
EndGlobal
